
Microsoft Visual Studio Solution File, Format Version 12.00
# Visual Studio Version 17
VisualStudioVersion = 17.12.35527.113 d17.12
MinimumVisualStudioVersion = 10.0.40219.1
Project("{FAE04EC0-301F-11D3-BF4B-00C04F79EFBC}") = "App_Mvc", "App.Mvc\App_Mvc.csproj", "{A0EFF184-B4AB-477A-9733-E41A2791624D}"
EndProject
Project("{FAE04EC0-301F-11D3-BF4B-00C04F79EFBC}") = "App_Api", "App.Api\App_Api.csproj", "{6AB969E1-0FA5-4282-90DF-9B59CA50AF07}"
EndProject
Project("{FAE04EC0-301F-11D3-BF4B-00C04F79EFBC}") = "App_Api.AOT", "App.Api.AOT\App_Api.AOT.csproj", "{478894E0-8333-47B9-B221-5A2B9FC285E4}"
EndProject
Project("{FAE04EC0-301F-11D3-BF4B-00C04F79EFBC}") = "App_Razor", "App.Razor\App_Razor.csproj", "{8671EEDB-DE73-4C46-B176-03A85B7987F3}"
EndProject
Project("{FAE04EC0-301F-11D3-BF4B-00C04F79EFBC}") = "App_GrpcService", "App.GrpcService\App_GrpcService.csproj", "{13F45708-F050-4A4F-A679-FAA9CC3BAC7C}"
EndProject
Project("{FAE04EC0-301F-11D3-BF4B-00C04F79EFBC}") = "App_EdgeDriverTest", "App.EdgeDriverTest\App_EdgeDriverTest.csproj", "{354DF1E7-37C8-476E-A9E4-A791FC8FE7A0}"
EndProject
Project("{2150E333-8FDC-42A3-9474-1A3956D46DE8}") = "Src", "Src", "{4A3EC0E4-D3A5-4869-822A-56C3F7A50B2D}"
EndProject
Project("{2150E333-8FDC-42A3-9474-1A3956D46DE8}") = "Test", "Test", "{31D5F87C-4662-4DCD-B55B-66839EB39393}"
EndProject
Project("{FAE04EC0-301F-11D3-BF4B-00C04F79EFBC}") = "App_MSTest", "App.MSTestProject\App_MSTest.csproj", "{18843401-C62D-43CF-A300-8CB6A4ECE9A9}"
EndProject
Project("{FAE04EC0-301F-11D3-BF4B-00C04F79EFBC}") = "App_XUnitTest", "App.XUnitTest\App_XUnitTest.csproj", "{A8DFF93E-E201-45B1-A204-0D898C2F6609}"
EndProject
Project("{FAE04EC0-301F-11D3-BF4B-00C04F79EFBC}") = "App_MSTestPlayWright", "App.MSTestPlayWright\App_MSTestPlayWright.csproj", "{49766048-B543-4068-8453-4BC987B55E8E}"
EndProject
Project("{FAE04EC0-301F-11D3-BF4B-00C04F79EFBC}") = "App_NUnitTestPlayWright", "App.NUnitTestPlayWright\App_NUnitTestPlayWright.csproj", "{F268ADD2-F3E1-46DD-AECF-CCF20B4D9EB9}"
EndProject
Project("{FAE04EC0-301F-11D3-BF4B-00C04F79EFBC}") = "App_NUnitTest", "App.NUnitTest\App_NUnitTest.csproj", "{48164533-8286-4FDC-896F-CA071DD57094}"
EndProject
Project("{FAE04EC0-301F-11D3-BF4B-00C04F79EFBC}") = "App_WorkerService", "App.WorkerService\App_WorkerService.csproj", "{4B412FF6-7B02-4DA2-ADBF-30CC7728824B}"
EndProject
Project("{FAE04EC0-301F-11D3-BF4B-00C04F79EFBC}") = "App_ClassLibrary", "App.ClassLibrary\App_ClassLibrary.csproj", "{BAE4FD96-364A-47CF-8F72-45A28CFD1BD7}"
EndProject
Project("{E24C65DC-7377-472B-9ABA-BC803B73C61A}") = "src", "REACT\my-react-app\src\", "{05D15A3E-79FA-41E3-BCC0-73751ADF247F}"
	ProjectSection(WebsiteProperties) = preProject
		TargetFrameworkMoniker = ".NETFramework,Version%3Dv4.8.1"
		Debug.AspNetCompiler.VirtualPath = "/localhost_64689"
		Debug.AspNetCompiler.PhysicalPath = "REACT\my-react-app\src\"
		Debug.AspNetCompiler.TargetPath = "PrecompiledWeb\localhost_64689\"
		Debug.AspNetCompiler.Updateable = "true"
		Debug.AspNetCompiler.ForceOverwrite = "true"
		Debug.AspNetCompiler.FixedNames = "false"
		Debug.AspNetCompiler.Debug = "True"
		Release.AspNetCompiler.VirtualPath = "/localhost_64689"
		Release.AspNetCompiler.PhysicalPath = "REACT\my-react-app\src\"
		Release.AspNetCompiler.TargetPath = "PrecompiledWeb\localhost_64689\"
		Release.AspNetCompiler.Updateable = "true"
		Release.AspNetCompiler.ForceOverwrite = "true"
		Release.AspNetCompiler.FixedNames = "false"
		Release.AspNetCompiler.Debug = "False"
		VWDPort = "64689"
		SlnRelativePath = "REACT\my-react-app\src\"
	EndProjectSection
EndProject
Project("{2150E333-8FDC-42A3-9474-1A3956D46DE8}") = "React", "React", "{B95FA962-5838-4B35-86D3-290CADC0B4E9}"
EndProject
Project("{2150E333-8FDC-42A3-9474-1A3956D46DE8}") = "Angular", "Angular", "{BDFEAD93-BED8-4066-ADBE-5F8C2C409CC7}"
EndProject
Project("{E24C65DC-7377-472B-9ABA-BC803B73C61A}") = "src(1)", "ANGULAR\Realme\src\", "{5D702FB7-DDF6-422F-B17A-02E6DE6B63F1}"
	ProjectSection(WebsiteProperties) = preProject
		TargetFrameworkMoniker = ".NETFramework,Version%3Dv4.8.1"
		Debug.AspNetCompiler.VirtualPath = "/localhost_64722"
		Debug.AspNetCompiler.PhysicalPath = "ANGULAR\Realme\src\"
		Debug.AspNetCompiler.TargetPath = "PrecompiledWeb\localhost_64722\"
		Debug.AspNetCompiler.Updateable = "true"
		Debug.AspNetCompiler.ForceOverwrite = "true"
		Debug.AspNetCompiler.FixedNames = "false"
		Debug.AspNetCompiler.Debug = "True"
		Release.AspNetCompiler.VirtualPath = "/localhost_64722"
		Release.AspNetCompiler.PhysicalPath = "ANGULAR\Realme\src\"
		Release.AspNetCompiler.TargetPath = "PrecompiledWeb\localhost_64722\"
		Release.AspNetCompiler.Updateable = "true"
		Release.AspNetCompiler.ForceOverwrite = "true"
		Release.AspNetCompiler.FixedNames = "false"
		Release.AspNetCompiler.Debug = "False"
		VWDPort = "64722"
		SlnRelativePath = "ANGULAR\Realme\src\"
	EndProjectSection
EndProject
Project("{FAE04EC0-301F-11D3-BF4B-00C04F79EFBC}") = "ConsoleApp", "ConsoleApp\ConsoleApp.csproj", "{F19BD4D2-6234-4BC3-9896-8EA4ED915D9C}"
EndProject
Project("{FAE04EC0-301F-11D3-BF4B-00C04F79EFBC}") = "App_BlazorServerApp", "App_BlazorServerApp\App_BlazorServerApp.csproj", "{FA27A68E-620F-4732-A870-839543A3E27F}"
EndProject
Project("{FAE04EC0-301F-11D3-BF4B-00C04F79EFBC}") = "App_BlazorWebApp", "App_BlazorWebApp\App_BlazorWebApp\App_BlazorWebApp.csproj", "{81374FFE-42ED-4184-AB20-3A90E23B0311}"
EndProject
Project("{FAE04EC0-301F-11D3-BF4B-00C04F79EFBC}") = "App_BlazorWebApp.Client", "App_BlazorWebApp\App_BlazorWebApp.Client\App_BlazorWebApp.Client.csproj", "{1D2EE700-E5E5-40A0-864A-358B00942A5D}"
EndProject
Project("{FAE04EC0-301F-11D3-BF4B-00C04F79EFBC}") = "App_BlazorWebAssemblyApp", "App_BlazorWebAssemblyApp\App_BlazorWebAssemblyApp.csproj", "{CB1D753C-DE37-40DB-9E3F-064927D59B03}"
EndProject
Global
	GlobalSection(SolutionConfigurationPlatforms) = preSolution
		Debug|Any CPU = Debug|Any CPU
		Release|Any CPU = Release|Any CPU
	EndGlobalSection
	GlobalSection(ProjectConfigurationPlatforms) = postSolution
		{A0EFF184-B4AB-477A-9733-E41A2791624D}.Debug|Any CPU.ActiveCfg = Debug|Any CPU
		{A0EFF184-B4AB-477A-9733-E41A2791624D}.Debug|Any CPU.Build.0 = Debug|Any CPU
		{A0EFF184-B4AB-477A-9733-E41A2791624D}.Release|Any CPU.ActiveCfg = Release|Any CPU
		{A0EFF184-B4AB-477A-9733-E41A2791624D}.Release|Any CPU.Build.0 = Release|Any CPU
		{6AB969E1-0FA5-4282-90DF-9B59CA50AF07}.Debug|Any CPU.ActiveCfg = Debug|Any CPU
		{6AB969E1-0FA5-4282-90DF-9B59CA50AF07}.Debug|Any CPU.Build.0 = Debug|Any CPU
		{6AB969E1-0FA5-4282-90DF-9B59CA50AF07}.Release|Any CPU.ActiveCfg = Release|Any CPU
		{6AB969E1-0FA5-4282-90DF-9B59CA50AF07}.Release|Any CPU.Build.0 = Release|Any CPU
		{478894E0-8333-47B9-B221-5A2B9FC285E4}.Debug|Any CPU.ActiveCfg = Debug|Any CPU
		{478894E0-8333-47B9-B221-5A2B9FC285E4}.Debug|Any CPU.Build.0 = Debug|Any CPU
		{478894E0-8333-47B9-B221-5A2B9FC285E4}.Release|Any CPU.ActiveCfg = Release|Any CPU
		{478894E0-8333-47B9-B221-5A2B9FC285E4}.Release|Any CPU.Build.0 = Release|Any CPU
		{8671EEDB-DE73-4C46-B176-03A85B7987F3}.Debug|Any CPU.ActiveCfg = Debug|Any CPU
		{8671EEDB-DE73-4C46-B176-03A85B7987F3}.Debug|Any CPU.Build.0 = Debug|Any CPU
		{8671EEDB-DE73-4C46-B176-03A85B7987F3}.Release|Any CPU.ActiveCfg = Release|Any CPU
		{8671EEDB-DE73-4C46-B176-03A85B7987F3}.Release|Any CPU.Build.0 = Release|Any CPU
		{13F45708-F050-4A4F-A679-FAA9CC3BAC7C}.Debug|Any CPU.ActiveCfg = Debug|Any CPU
		{13F45708-F050-4A4F-A679-FAA9CC3BAC7C}.Debug|Any CPU.Build.0 = Debug|Any CPU
		{13F45708-F050-4A4F-A679-FAA9CC3BAC7C}.Release|Any CPU.ActiveCfg = Release|Any CPU
		{13F45708-F050-4A4F-A679-FAA9CC3BAC7C}.Release|Any CPU.Build.0 = Release|Any CPU
		{354DF1E7-37C8-476E-A9E4-A791FC8FE7A0}.Debug|Any CPU.ActiveCfg = Debug|Any CPU
		{354DF1E7-37C8-476E-A9E4-A791FC8FE7A0}.Debug|Any CPU.Build.0 = Debug|Any CPU
		{354DF1E7-37C8-476E-A9E4-A791FC8FE7A0}.Release|Any CPU.ActiveCfg = Release|Any CPU
		{354DF1E7-37C8-476E-A9E4-A791FC8FE7A0}.Release|Any CPU.Build.0 = Release|Any CPU
		{18843401-C62D-43CF-A300-8CB6A4ECE9A9}.Debug|Any CPU.ActiveCfg = Debug|Any CPU
		{18843401-C62D-43CF-A300-8CB6A4ECE9A9}.Debug|Any CPU.Build.0 = Debug|Any CPU
		{18843401-C62D-43CF-A300-8CB6A4ECE9A9}.Release|Any CPU.ActiveCfg = Release|Any CPU
		{18843401-C62D-43CF-A300-8CB6A4ECE9A9}.Release|Any CPU.Build.0 = Release|Any CPU
		{A8DFF93E-E201-45B1-A204-0D898C2F6609}.Debug|Any CPU.ActiveCfg = Debug|Any CPU
		{A8DFF93E-E201-45B1-A204-0D898C2F6609}.Debug|Any CPU.Build.0 = Debug|Any CPU
		{A8DFF93E-E201-45B1-A204-0D898C2F6609}.Release|Any CPU.ActiveCfg = Release|Any CPU
		{A8DFF93E-E201-45B1-A204-0D898C2F6609}.Release|Any CPU.Build.0 = Release|Any CPU
		{49766048-B543-4068-8453-4BC987B55E8E}.Debug|Any CPU.ActiveCfg = Debug|Any CPU
		{49766048-B543-4068-8453-4BC987B55E8E}.Debug|Any CPU.Build.0 = Debug|Any CPU
		{49766048-B543-4068-8453-4BC987B55E8E}.Release|Any CPU.ActiveCfg = Release|Any CPU
		{49766048-B543-4068-8453-4BC987B55E8E}.Release|Any CPU.Build.0 = Release|Any CPU
		{F268ADD2-F3E1-46DD-AECF-CCF20B4D9EB9}.Debug|Any CPU.ActiveCfg = Debug|Any CPU
		{F268ADD2-F3E1-46DD-AECF-CCF20B4D9EB9}.Debug|Any CPU.Build.0 = Debug|Any CPU
		{F268ADD2-F3E1-46DD-AECF-CCF20B4D9EB9}.Release|Any CPU.ActiveCfg = Release|Any CPU
		{F268ADD2-F3E1-46DD-AECF-CCF20B4D9EB9}.Release|Any CPU.Build.0 = Release|Any CPU
		{48164533-8286-4FDC-896F-CA071DD57094}.Debug|Any CPU.ActiveCfg = Debug|Any CPU
		{48164533-8286-4FDC-896F-CA071DD57094}.Debug|Any CPU.Build.0 = Debug|Any CPU
		{48164533-8286-4FDC-896F-CA071DD57094}.Release|Any CPU.ActiveCfg = Release|Any CPU
		{48164533-8286-4FDC-896F-CA071DD57094}.Release|Any CPU.Build.0 = Release|Any CPU
		{4B412FF6-7B02-4DA2-ADBF-30CC7728824B}.Debug|Any CPU.ActiveCfg = Debug|Any CPU
		{4B412FF6-7B02-4DA2-ADBF-30CC7728824B}.Debug|Any CPU.Build.0 = Debug|Any CPU
		{4B412FF6-7B02-4DA2-ADBF-30CC7728824B}.Release|Any CPU.ActiveCfg = Release|Any CPU
		{4B412FF6-7B02-4DA2-ADBF-30CC7728824B}.Release|Any CPU.Build.0 = Release|Any CPU
		{BAE4FD96-364A-47CF-8F72-45A28CFD1BD7}.Debug|Any CPU.ActiveCfg = Debug|Any CPU
		{BAE4FD96-364A-47CF-8F72-45A28CFD1BD7}.Debug|Any CPU.Build.0 = Debug|Any CPU
		{BAE4FD96-364A-47CF-8F72-45A28CFD1BD7}.Release|Any CPU.ActiveCfg = Release|Any CPU
		{BAE4FD96-364A-47CF-8F72-45A28CFD1BD7}.Release|Any CPU.Build.0 = Release|Any CPU
		{05D15A3E-79FA-41E3-BCC0-73751ADF247F}.Debug|Any CPU.ActiveCfg = Debug|Any CPU
		{05D15A3E-79FA-41E3-BCC0-73751ADF247F}.Debug|Any CPU.Build.0 = Debug|Any CPU
		{05D15A3E-79FA-41E3-BCC0-73751ADF247F}.Release|Any CPU.ActiveCfg = Debug|Any CPU
		{05D15A3E-79FA-41E3-BCC0-73751ADF247F}.Release|Any CPU.Build.0 = Debug|Any CPU
		{5D702FB7-DDF6-422F-B17A-02E6DE6B63F1}.Debug|Any CPU.ActiveCfg = Debug|Any CPU
		{5D702FB7-DDF6-422F-B17A-02E6DE6B63F1}.Debug|Any CPU.Build.0 = Debug|Any CPU
		{5D702FB7-DDF6-422F-B17A-02E6DE6B63F1}.Release|Any CPU.ActiveCfg = Debug|Any CPU
		{5D702FB7-DDF6-422F-B17A-02E6DE6B63F1}.Release|Any CPU.Build.0 = Debug|Any CPU
		{F19BD4D2-6234-4BC3-9896-8EA4ED915D9C}.Debug|Any CPU.ActiveCfg = Debug|Any CPU
		{F19BD4D2-6234-4BC3-9896-8EA4ED915D9C}.Debug|Any CPU.Build.0 = Debug|Any CPU
		{F19BD4D2-6234-4BC3-9896-8EA4ED915D9C}.Release|Any CPU.ActiveCfg = Release|Any CPU
		{F19BD4D2-6234-4BC3-9896-8EA4ED915D9C}.Release|Any CPU.Build.0 = Release|Any CPU
		{FA27A68E-620F-4732-A870-839543A3E27F}.Debug|Any CPU.ActiveCfg = Debug|Any CPU
		{FA27A68E-620F-4732-A870-839543A3E27F}.Debug|Any CPU.Build.0 = Debug|Any CPU
		{FA27A68E-620F-4732-A870-839543A3E27F}.Release|Any CPU.ActiveCfg = Release|Any CPU
		{FA27A68E-620F-4732-A870-839543A3E27F}.Release|Any CPU.Build.0 = Release|Any CPU
		{81374FFE-42ED-4184-AB20-3A90E23B0311}.Debug|Any CPU.ActiveCfg = Debug|Any CPU
		{81374FFE-42ED-4184-AB20-3A90E23B0311}.Debug|Any CPU.Build.0 = Debug|Any CPU
		{81374FFE-42ED-4184-AB20-3A90E23B0311}.Release|Any CPU.ActiveCfg = Release|Any CPU
		{81374FFE-42ED-4184-AB20-3A90E23B0311}.Release|Any CPU.Build.0 = Release|Any CPU
		{1D2EE700-E5E5-40A0-864A-358B00942A5D}.Debug|Any CPU.ActiveCfg = Debug|Any CPU
		{1D2EE700-E5E5-40A0-864A-358B00942A5D}.Debug|Any CPU.Build.0 = Debug|Any CPU
		{1D2EE700-E5E5-40A0-864A-358B00942A5D}.Release|Any CPU.ActiveCfg = Release|Any CPU
		{1D2EE700-E5E5-40A0-864A-358B00942A5D}.Release|Any CPU.Build.0 = Release|Any CPU
		{CB1D753C-DE37-40DB-9E3F-064927D59B03}.Debug|Any CPU.ActiveCfg = Debug|Any CPU
		{CB1D753C-DE37-40DB-9E3F-064927D59B03}.Debug|Any CPU.Build.0 = Debug|Any CPU
		{CB1D753C-DE37-40DB-9E3F-064927D59B03}.Release|Any CPU.ActiveCfg = Release|Any CPU
		{CB1D753C-DE37-40DB-9E3F-064927D59B03}.Release|Any CPU.Build.0 = Release|Any CPU
	EndGlobalSection
	GlobalSection(SolutionProperties) = preSolution
		HideSolutionNode = FALSE
	EndGlobalSection
	GlobalSection(NestedProjects) = preSolution
		{A0EFF184-B4AB-477A-9733-E41A2791624D} = {4A3EC0E4-D3A5-4869-822A-56C3F7A50B2D}
		{6AB969E1-0FA5-4282-90DF-9B59CA50AF07} = {4A3EC0E4-D3A5-4869-822A-56C3F7A50B2D}
		{478894E0-8333-47B9-B221-5A2B9FC285E4} = {4A3EC0E4-D3A5-4869-822A-56C3F7A50B2D}
		{8671EEDB-DE73-4C46-B176-03A85B7987F3} = {4A3EC0E4-D3A5-4869-822A-56C3F7A50B2D}
		{13F45708-F050-4A4F-A679-FAA9CC3BAC7C} = {4A3EC0E4-D3A5-4869-822A-56C3F7A50B2D}
		{354DF1E7-37C8-476E-A9E4-A791FC8FE7A0} = {31D5F87C-4662-4DCD-B55B-66839EB39393}
		{18843401-C62D-43CF-A300-8CB6A4ECE9A9} = {31D5F87C-4662-4DCD-B55B-66839EB39393}
		{A8DFF93E-E201-45B1-A204-0D898C2F6609} = {31D5F87C-4662-4DCD-B55B-66839EB39393}
		{49766048-B543-4068-8453-4BC987B55E8E} = {31D5F87C-4662-4DCD-B55B-66839EB39393}
		{F268ADD2-F3E1-46DD-AECF-CCF20B4D9EB9} = {31D5F87C-4662-4DCD-B55B-66839EB39393}
		{48164533-8286-4FDC-896F-CA071DD57094} = {31D5F87C-4662-4DCD-B55B-66839EB39393}
		{4B412FF6-7B02-4DA2-ADBF-30CC7728824B} = {4A3EC0E4-D3A5-4869-822A-56C3F7A50B2D}
		{BAE4FD96-364A-47CF-8F72-45A28CFD1BD7} = {4A3EC0E4-D3A5-4869-822A-56C3F7A50B2D}
		{05D15A3E-79FA-41E3-BCC0-73751ADF247F} = {B95FA962-5838-4B35-86D3-290CADC0B4E9}
		{B95FA962-5838-4B35-86D3-290CADC0B4E9} = {4A3EC0E4-D3A5-4869-822A-56C3F7A50B2D}
		{BDFEAD93-BED8-4066-ADBE-5F8C2C409CC7} = {4A3EC0E4-D3A5-4869-822A-56C3F7A50B2D}
		{5D702FB7-DDF6-422F-B17A-02E6DE6B63F1} = {BDFEAD93-BED8-4066-ADBE-5F8C2C409CC7}
		{F19BD4D2-6234-4BC3-9896-8EA4ED915D9C} = {4A3EC0E4-D3A5-4869-822A-56C3F7A50B2D}
		{FA27A68E-620F-4732-A870-839543A3E27F} = {4A3EC0E4-D3A5-4869-822A-56C3F7A50B2D}
		{81374FFE-42ED-4184-AB20-3A90E23B0311} = {4A3EC0E4-D3A5-4869-822A-56C3F7A50B2D}
		{1D2EE700-E5E5-40A0-864A-358B00942A5D} = {4A3EC0E4-D3A5-4869-822A-56C3F7A50B2D}
		{CB1D753C-DE37-40DB-9E3F-064927D59B03} = {4A3EC0E4-D3A5-4869-822A-56C3F7A50B2D}
	EndGlobalSection
EndGlobal
